// !$*UTF8*$!
{
	archiveVersion = 1;
	classes = {
	};
	objectVersion = 50;
	objects = {

/* Begin PBXBuildFile section */
		D5C98F1B27151BEA004626A2 /* AppDelegate.swift in Sources */ = {isa = PBXBuildFile; fileRef = D5C98F1A27151BEA004626A2 /* AppDelegate.swift */; };
		D5C98F1D27151BEA004626A2 /* SceneDelegate.swift in Sources */ = {isa = PBXBuildFile; fileRef = D5C98F1C27151BEA004626A2 /* SceneDelegate.swift */; };
		D5C98F1F27151BEA004626A2 /* ViewController.swift in Sources */ = {isa = PBXBuildFile; fileRef = D5C98F1E27151BEA004626A2 /* ViewController.swift */; };
		D5C98F2227151BEA004626A2 /* Main.storyboard in Resources */ = {isa = PBXBuildFile; fileRef = D5C98F2027151BEA004626A2 /* Main.storyboard */; };
		D5C98F2427151BEB004626A2 /* Assets.xcassets in Resources */ = {isa = PBXBuildFile; fileRef = D5C98F2327151BEB004626A2 /* Assets.xcassets */; };
		D5C98F2727151BEB004626A2 /* LaunchScreen.storyboard in Resources */ = {isa = PBXBuildFile; fileRef = D5C98F2527151BEB004626A2 /* LaunchScreen.storyboard */; };
		D5C98F3227151BEC004626A2 /* MockInstagramTests.swift in Sources */ = {isa = PBXBuildFile; fileRef = D5C98F3127151BEC004626A2 /* MockInstagramTests.swift */; };
		D5C98F3D27151BEC004626A2 /* MockInstagramUITests.swift in Sources */ = {isa = PBXBuildFile; fileRef = D5C98F3C27151BEC004626A2 /* MockInstagramUITests.swift */; };
/* End PBXBuildFile section */

/* Begin PBXContainerItemProxy section */
		D5C98F2E27151BEC004626A2 /* PBXContainerItemProxy */ = {
			isa = PBXContainerItemProxy;
			containerPortal = D5C98F0F27151BE9004626A2 /* Project object */;
			proxyType = 1;
			remoteGlobalIDString = D5C98F1627151BE9004626A2;
			remoteInfo = MockInstagram;
		};
		D5C98F3927151BEC004626A2 /* PBXContainerItemProxy */ = {
			isa = PBXContainerItemProxy;
			containerPortal = D5C98F0F27151BE9004626A2 /* Project object */;
			proxyType = 1;
			remoteGlobalIDString = D5C98F1627151BE9004626A2;
			remoteInfo = MockInstagram;
		};
/* End PBXContainerItemProxy section */

/* Begin PBXFileReference section */
		D5C98F1727151BE9004626A2 /* MockInstagram.app */ = {isa = PBXFileReference; explicitFileType = wrapper.application; includeInIndex = 0; path = MockInstagram.app; sourceTree = BUILT_PRODUCTS_DIR; };
		D5C98F1A27151BEA004626A2 /* AppDelegate.swift */ = {isa = PBXFileReference; lastKnownFileType = sourcecode.swift; path = AppDelegate.swift; sourceTree = "<group>"; };
		D5C98F1C27151BEA004626A2 /* SceneDelegate.swift */ = {isa = PBXFileReference; lastKnownFileType = sourcecode.swift; path = SceneDelegate.swift; sourceTree = "<group>"; };
		D5C98F1E27151BEA004626A2 /* ViewController.swift */ = {isa = PBXFileReference; lastKnownFileType = sourcecode.swift; path = ViewController.swift; sourceTree = "<group>"; };
		D5C98F2127151BEA004626A2 /* Base */ = {isa = PBXFileReference; lastKnownFileType = file.storyboard; name = Base; path = Base.lproj/Main.storyboard; sourceTree = "<group>"; };
		D5C98F2327151BEB004626A2 /* Assets.xcassets */ = {isa = PBXFileReference; lastKnownFileType = folder.assetcatalog; path = Assets.xcassets; sourceTree = "<group>"; };
		D5C98F2627151BEB004626A2 /* Base */ = {isa = PBXFileReference; lastKnownFileType = file.storyboard; name = Base; path = Base.lproj/LaunchScreen.storyboard; sourceTree = "<group>"; };
		D5C98F2827151BEB004626A2 /* Info.plist */ = {isa = PBXFileReference; lastKnownFileType = text.plist.xml; path = Info.plist; sourceTree = "<group>"; };
		D5C98F2D27151BEC004626A2 /* MockInstagramTests.xctest */ = {isa = PBXFileReference; explicitFileType = wrapper.cfbundle; includeInIndex = 0; path = MockInstagramTests.xctest; sourceTree = BUILT_PRODUCTS_DIR; };
		D5C98F3127151BEC004626A2 /* MockInstagramTests.swift */ = {isa = PBXFileReference; lastKnownFileType = sourcecode.swift; path = MockInstagramTests.swift; sourceTree = "<group>"; };
		D5C98F3327151BEC004626A2 /* Info.plist */ = {isa = PBXFileReference; lastKnownFileType = text.plist.xml; path = Info.plist; sourceTree = "<group>"; };
		D5C98F3827151BEC004626A2 /* MockInstagramUITests.xctest */ = {isa = PBXFileReference; explicitFileType = wrapper.cfbundle; includeInIndex = 0; path = MockInstagramUITests.xctest; sourceTree = BUILT_PRODUCTS_DIR; };
		D5C98F3C27151BEC004626A2 /* MockInstagramUITests.swift */ = {isa = PBXFileReference; lastKnownFileType = sourcecode.swift; path = MockInstagramUITests.swift; sourceTree = "<group>"; };
		D5C98F3E27151BEC004626A2 /* Info.plist */ = {isa = PBXFileReference; lastKnownFileType = text.plist.xml; path = Info.plist; sourceTree = "<group>"; };
/* End PBXFileReference section */

/* Begin PBXFrameworksBuildPhase section */
		D5C98F1427151BE9004626A2 /* Frameworks */ = {
			isa = PBXFrameworksBuildPhase;
			buildActionMask = 2147483647;
			files = (
			);
			runOnlyForDeploymentPostprocessing = 0;
		};
		D5C98F2A27151BEC004626A2 /* Frameworks */ = {
			isa = PBXFrameworksBuildPhase;
			buildActionMask = 2147483647;
			files = (
			);
			runOnlyForDeploymentPostprocessing = 0;
		};
		D5C98F3527151BEC004626A2 /* Frameworks */ = {
			isa = PBXFrameworksBuildPhase;
			buildActionMask = 2147483647;
			files = (
			);
			runOnlyForDeploymentPostprocessing = 0;
		};
/* End PBXFrameworksBuildPhase section */

/* Begin PBXGroup section */
		D5C98F0E27151BE9004626A2 = {
			isa = PBXGroup;
			children = (
				D5C98F1927151BE9004626A2 /* MockInstagram */,
				D5C98F3027151BEC004626A2 /* MockInstagramTests */,
				D5C98F3B27151BEC004626A2 /* MockInstagramUITests */,
				D5C98F1827151BE9004626A2 /* Products */,
			);
			sourceTree = "<group>";
		};
		D5C98F1827151BE9004626A2 /* Products */ = {
			isa = PBXGroup;
			children = (
				D5C98F1727151BE9004626A2 /* MockInstagram.app */,
				D5C98F2D27151BEC004626A2 /* MockInstagramTests.xctest */,
				D5C98F3827151BEC004626A2 /* MockInstagramUITests.xctest */,
			);
			name = Products;
			sourceTree = "<group>";
		};
		D5C98F1927151BE9004626A2 /* MockInstagram */ = {
			isa = PBXGroup;
			children = (
				D5C98F1A27151BEA004626A2 /* AppDelegate.swift */,
				D5C98F1C27151BEA004626A2 /* SceneDelegate.swift */,
				D5C98F1E27151BEA004626A2 /* ViewController.swift */,
				D5C98F2027151BEA004626A2 /* Main.storyboard */,
				D5C98F2327151BEB004626A2 /* Assets.xcassets */,
				D5C98F2527151BEB004626A2 /* LaunchScreen.storyboard */,
				D5C98F2827151BEB004626A2 /* Info.plist */,
			);
			path = MockInstagram;
			sourceTree = "<group>";
		};
		D5C98F3027151BEC004626A2 /* MockInstagramTests */ = {
			isa = PBXGroup;
			children = (
				D5C98F3127151BEC004626A2 /* MockInstagramTests.swift */,
				D5C98F3327151BEC004626A2 /* Info.plist */,
			);
			path = MockInstagramTests;
			sourceTree = "<group>";
		};
		D5C98F3B27151BEC004626A2 /* MockInstagramUITests */ = {
			isa = PBXGroup;
			children = (
				D5C98F3C27151BEC004626A2 /* MockInstagramUITests.swift */,
				D5C98F3E27151BEC004626A2 /* Info.plist */,
			);
			path = MockInstagramUITests;
			sourceTree = "<group>";
		};
/* End PBXGroup section */

/* Begin PBXNativeTarget section */
		D5C98F1627151BE9004626A2 /* MockInstagram */ = {
			isa = PBXNativeTarget;
			buildConfigurationList = D5C98F4127151BEC004626A2 /* Build configuration list for PBXNativeTarget "MockInstagram" */;
			buildPhases = (
				D5C98F1327151BE9004626A2 /* Sources */,
				D5C98F1427151BE9004626A2 /* Frameworks */,
				D5C98F1527151BE9004626A2 /* Resources */,
			);
			buildRules = (
			);
			dependencies = (
			);
			name = MockInstagram;
			productName = MockInstagram;
			productReference = D5C98F1727151BE9004626A2 /* MockInstagram.app */;
			productType = "com.apple.product-type.application";
		};
		D5C98F2C27151BEC004626A2 /* MockInstagramTests */ = {
			isa = PBXNativeTarget;
			buildConfigurationList = D5C98F4427151BEC004626A2 /* Build configuration list for PBXNativeTarget "MockInstagramTests" */;
			buildPhases = (
				D5C98F2927151BEC004626A2 /* Sources */,
				D5C98F2A27151BEC004626A2 /* Frameworks */,
				D5C98F2B27151BEC004626A2 /* Resources */,
			);
			buildRules = (
			);
			dependencies = (
				D5C98F2F27151BEC004626A2 /* PBXTargetDependency */,
			);
			name = MockInstagramTests;
			productName = MockInstagramTests;
			productReference = D5C98F2D27151BEC004626A2 /* MockInstagramTests.xctest */;
			productType = "com.apple.product-type.bundle.unit-test";
		};
		D5C98F3727151BEC004626A2 /* MockInstagramUITests */ = {
			isa = PBXNativeTarget;
			buildConfigurationList = D5C98F4727151BEC004626A2 /* Build configuration list for PBXNativeTarget "MockInstagramUITests" */;
			buildPhases = (
				D5C98F3427151BEC004626A2 /* Sources */,
				D5C98F3527151BEC004626A2 /* Frameworks */,
				D5C98F3627151BEC004626A2 /* Resources */,
			);
			buildRules = (
			);
			dependencies = (
				D5C98F3A27151BEC004626A2 /* PBXTargetDependency */,
			);
			name = MockInstagramUITests;
			productName = MockInstagramUITests;
			productReference = D5C98F3827151BEC004626A2 /* MockInstagramUITests.xctest */;
			productType = "com.apple.product-type.bundle.ui-testing";
		};
/* End PBXNativeTarget section */

/* Begin PBXProject section */
		D5C98F0F27151BE9004626A2 /* Project object */ = {
			isa = PBXProject;
			attributes = {
				LastSwiftUpdateCheck = 1220;
				LastUpgradeCheck = 1220;
				TargetAttributes = {
					D5C98F1627151BE9004626A2 = {
						CreatedOnToolsVersion = 12.2;
					};
					D5C98F2C27151BEC004626A2 = {
						CreatedOnToolsVersion = 12.2;
						TestTargetID = D5C98F1627151BE9004626A2;
					};
					D5C98F3727151BEC004626A2 = {
						CreatedOnToolsVersion = 12.2;
						TestTargetID = D5C98F1627151BE9004626A2;
					};
				};
			};
			buildConfigurationList = D5C98F1227151BE9004626A2 /* Build configuration list for PBXProject "MockInstagram" */;
			compatibilityVersion = "Xcode 9.3";
			developmentRegion = en;
			hasScannedForEncodings = 0;
			knownRegions = (
				en,
				Base,
			);
			mainGroup = D5C98F0E27151BE9004626A2;
			productRefGroup = D5C98F1827151BE9004626A2 /* Products */;
			projectDirPath = "";
			projectRoot = "";
			targets = (
				D5C98F1627151BE9004626A2 /* MockInstagram */,
				D5C98F2C27151BEC004626A2 /* MockInstagramTests */,
				D5C98F3727151BEC004626A2 /* MockInstagramUITests */,
			);
		};
/* End PBXProject section */

/* Begin PBXResourcesBuildPhase section */
		D5C98F1527151BE9004626A2 /* Resources */ = {
			isa = PBXResourcesBuildPhase;
			buildActionMask = 2147483647;
			files = (
				D5C98F2727151BEB004626A2 /* LaunchScreen.storyboard in Resources */,
				D5C98F2427151BEB004626A2 /* Assets.xcassets in Resources */,
				D5C98F2227151BEA004626A2 /* Main.storyboard in Resources */,
			);
			runOnlyForDeploymentPostprocessing = 0;
		};
		D5C98F2B27151BEC004626A2 /* Resources */ = {
			isa = PBXResourcesBuildPhase;
			buildActionMask = 2147483647;
			files = (
			);
			runOnlyForDeploymentPostprocessing = 0;
		};
		D5C98F3627151BEC004626A2 /* Resources */ = {
			isa = PBXResourcesBuildPhase;
			buildActionMask = 2147483647;
			files = (
			);
			runOnlyForDeploymentPostprocessing = 0;
		};
/* End PBXResourcesBuildPhase section */

/* Begin PBXSourcesBuildPhase section */
		D5C98F1327151BE9004626A2 /* Sources */ = {
			isa = PBXSourcesBuildPhase;
			buildActionMask = 2147483647;
			files = (
				D5C98F1F27151BEA004626A2 /* ViewController.swift in Sources */,
				D5C98F1B27151BEA004626A2 /* AppDelegate.swift in Sources */,
				D5C98F1D27151BEA004626A2 /* SceneDelegate.swift in Sources */,
			);
			runOnlyForDeploymentPostprocessing = 0;
		};
		D5C98F2927151BEC004626A2 /* Sources */ = {
			isa = PBXSourcesBuildPhase;
			buildActionMask = 2147483647;
			files = (
				D5C98F3227151BEC004626A2 /* MockInstagramTests.swift in Sources */,
			);
			runOnlyForDeploymentPostprocessing = 0;
		};
		D5C98F3427151BEC004626A2 /* Sources */ = {
			isa = PBXSourcesBuildPhase;
			buildActionMask = 2147483647;
			files = (
				D5C98F3D27151BEC004626A2 /* MockInstagramUITests.swift in Sources */,
			);
			runOnlyForDeploymentPostprocessing = 0;
		};
/* End PBXSourcesBuildPhase section */

/* Begin PBXTargetDependency section */
		D5C98F2F27151BEC004626A2 /* PBXTargetDependency */ = {
			isa = PBXTargetDependency;
			target = D5C98F1627151BE9004626A2 /* MockInstagram */;
			targetProxy = D5C98F2E27151BEC004626A2 /* PBXContainerItemProxy */;
		};
		D5C98F3A27151BEC004626A2 /* PBXTargetDependency */ = {
			isa = PBXTargetDependency;
			target = D5C98F1627151BE9004626A2 /* MockInstagram */;
			targetProxy = D5C98F3927151BEC004626A2 /* PBXContainerItemProxy */;
		};
/* End PBXTargetDependency section */

/* Begin PBXVariantGroup section */
		D5C98F2027151BEA004626A2 /* Main.storyboard */ = {
			isa = PBXVariantGroup;
			children = (
				D5C98F2127151BEA004626A2 /* Base */,
			);
			name = Main.storyboard;
			sourceTree = "<group>";
		};
		D5C98F2527151BEB004626A2 /* LaunchScreen.storyboard */ = {
			isa = PBXVariantGroup;
			children = (
				D5C98F2627151BEB004626A2 /* Base */,
			);
			name = LaunchScreen.storyboard;
			sourceTree = "<group>";
		};
/* End PBXVariantGroup section */

/* Begin XCBuildConfiguration section */
		D5C98F3F27151BEC004626A2 /* Debug */ = {
			isa = XCBuildConfiguration;
			buildSettings = {
				ALWAYS_SEARCH_USER_PATHS = NO;
				CLANG_ANALYZER_NONNULL = YES;
				CLANG_ANALYZER_NUMBER_OBJECT_CONVERSION = YES_AGGRESSIVE;
				CLANG_CXX_LANGUAGE_STANDARD = "gnu++14";
				CLANG_CXX_LIBRARY = "libc++";
				CLANG_ENABLE_MODULES = YES;
				CLANG_ENABLE_OBJC_ARC = YES;
				CLANG_ENABLE_OBJC_WEAK = YES;
				CLANG_WARN_BLOCK_CAPTURE_AUTORELEASING = YES;
				CLANG_WARN_BOOL_CONVERSION = YES;
				CLANG_WARN_COMMA = YES;
				CLANG_WARN_CONSTANT_CONVERSION = YES;
				CLANG_WARN_DEPRECATED_OBJC_IMPLEMENTATIONS = YES;
				CLANG_WARN_DIRECT_OBJC_ISA_USAGE = YES_ERROR;
				CLANG_WARN_DOCUMENTATION_COMMENTS = YES;
				CLANG_WARN_EMPTY_BODY = YES;
				CLANG_WARN_ENUM_CONVERSION = YES;
				CLANG_WARN_INFINITE_RECURSION = YES;
				CLANG_WARN_INT_CONVERSION = YES;
				CLANG_WARN_NON_LITERAL_NULL_CONVERSION = YES;
				CLANG_WARN_OBJC_IMPLICIT_RETAIN_SELF = YES;
				CLANG_WARN_OBJC_LITERAL_CONVERSION = YES;
				CLANG_WARN_OBJC_ROOT_CLASS = YES_ERROR;
				CLANG_WARN_QUOTED_INCLUDE_IN_FRAMEWORK_HEADER = YES;
				CLANG_WARN_RANGE_LOOP_ANALYSIS = YES;
				CLANG_WARN_STRICT_PROTOTYPES = YES;
				CLANG_WARN_SUSPICIOUS_MOVE = YES;
				CLANG_WARN_UNGUARDED_AVAILABILITY = YES_AGGRESSIVE;
				CLANG_WARN_UNREACHABLE_CODE = YES;
				CLANG_WARN__DUPLICATE_METHOD_MATCH = YES;
				COPY_PHASE_STRIP = NO;
				DEBUG_INFORMATION_FORMAT = dwarf;
				ENABLE_STRICT_OBJC_MSGSEND = YES;
				ENABLE_TESTABILITY = YES;
				GCC_C_LANGUAGE_STANDARD = gnu11;
				GCC_DYNAMIC_NO_PIC = NO;
				GCC_NO_COMMON_BLOCKS = YES;
				GCC_OPTIMIZATION_LEVEL = 0;
				GCC_PREPROCESSOR_DEFINITIONS = (
					"DEBUG=1",
					"$(inherited)",
				);
				GCC_WARN_64_TO_32_BIT_CONVERSION = YES;
				GCC_WARN_ABOUT_RETURN_TYPE = YES_ERROR;
				GCC_WARN_UNDECLARED_SELECTOR = YES;
				GCC_WARN_UNINITIALIZED_AUTOS = YES_AGGRESSIVE;
				GCC_WARN_UNUSED_FUNCTION = YES;
				GCC_WARN_UNUSED_VARIABLE = YES;
				IPHONEOS_DEPLOYMENT_TARGET = 14.2;
				MTL_ENABLE_DEBUG_INFO = INCLUDE_SOURCE;
				MTL_FAST_MATH = YES;
				ONLY_ACTIVE_ARCH = YES;
				SDKROOT = iphoneos;
				SWIFT_ACTIVE_COMPILATION_CONDITIONS = DEBUG;
				SWIFT_OPTIMIZATION_LEVEL = "-Onone";
			};
			name = Debug;
		};
		D5C98F4027151BEC004626A2 /* Release */ = {
			isa = XCBuildConfiguration;
			buildSettings = {
				ALWAYS_SEARCH_USER_PATHS = NO;
				CLANG_ANALYZER_NONNULL = YES;
				CLANG_ANALYZER_NUMBER_OBJECT_CONVERSION = YES_AGGRESSIVE;
				CLANG_CXX_LANGUAGE_STANDARD = "gnu++14";
				CLANG_CXX_LIBRARY = "libc++";
				CLANG_ENABLE_MODULES = YES;
				CLANG_ENABLE_OBJC_ARC = YES;
				CLANG_ENABLE_OBJC_WEAK = YES;
				CLANG_WARN_BLOCK_CAPTURE_AUTORELEASING = YES;
				CLANG_WARN_BOOL_CONVERSION = YES;
				CLANG_WARN_COMMA = YES;
				CLANG_WARN_CONSTANT_CONVERSION = YES;
				CLANG_WARN_DEPRECATED_OBJC_IMPLEMENTATIONS = YES;
				CLANG_WARN_DIRECT_OBJC_ISA_USAGE = YES_ERROR;
				CLANG_WARN_DOCUMENTATION_COMMENTS = YES;
				CLANG_WARN_EMPTY_BODY = YES;
				CLANG_WARN_ENUM_CONVERSION = YES;
				CLANG_WARN_INFINITE_RECURSION = YES;
				CLANG_WARN_INT_CONVERSION = YES;
				CLANG_WARN_NON_LITERAL_NULL_CONVERSION = YES;
				CLANG_WARN_OBJC_IMPLICIT_RETAIN_SELF = YES;
				CLANG_WARN_OBJC_LITERAL_CONVERSION = YES;
				CLANG_WARN_OBJC_ROOT_CLASS = YES_ERROR;
				CLANG_WARN_QUOTED_INCLUDE_IN_FRAMEWORK_HEADER = YES;
				CLANG_WARN_RANGE_LOOP_ANALYSIS = YES;
				CLANG_WARN_STRICT_PROTOTYPES = YES;
				CLANG_WARN_SUSPICIOUS_MOVE = YES;
				CLANG_WARN_UNGUARDED_AVAILABILITY = YES_AGGRESSIVE;
				CLANG_WARN_UNREACHABLE_CODE = YES;
				CLANG_WARN__DUPLICATE_METHOD_MATCH = YES;
				COPY_PHASE_STRIP = NO;
				DEBUG_INFORMATION_FORMAT = "dwarf-with-dsym";
				ENABLE_NS_ASSERTIONS = NO;
				ENABLE_STRICT_OBJC_MSGSEND = YES;
				GCC_C_LANGUAGE_STANDARD = gnu11;
				GCC_NO_COMMON_BLOCKS = YES;
				GCC_WARN_64_TO_32_BIT_CONVERSION = YES;
				GCC_WARN_ABOUT_RETURN_TYPE = YES_ERROR;
				GCC_WARN_UNDECLARED_SELECTOR = YES;
				GCC_WARN_UNINITIALIZED_AUTOS = YES_AGGRESSIVE;
				GCC_WARN_UNUSED_FUNCTION = YES;
				GCC_WARN_UNUSED_VARIABLE = YES;
				IPHONEOS_DEPLOYMENT_TARGET = 14.2;
				MTL_ENABLE_DEBUG_INFO = NO;
				MTL_FAST_MATH = YES;
				SDKROOT = iphoneos;
				SWIFT_COMPILATION_MODE = wholemodule;
				SWIFT_OPTIMIZATION_LEVEL = "-O";
				VALIDATE_PRODUCT = YES;
			};
			name = Release;
		};
		D5C98F4227151BEC004626A2 /* Debug */ = {
			isa = XCBuildConfiguration;
			buildSettings = {
				ASSETCATALOG_COMPILER_APPICON_NAME = AppIcon;
				ASSETCATALOG_COMPILER_GLOBAL_ACCENT_COLOR_NAME = AccentColor;
				CODE_SIGN_STYLE = Automatic;
				DEVELOPMENT_TEAM = G6B5GY869D;
				INFOPLIST_FILE = MockInstagram/Info.plist;
				LD_RUNPATH_SEARCH_PATHS = (
					"$(inherited)",
					"@executable_path/Frameworks",
				);
				PRODUCT_BUNDLE_IDENTIFIER = com.product.MockInstagram;
				PRODUCT_NAME = "$(TARGET_NAME)";
				SWIFT_VERSION = 5.0;
				TARGETED_DEVICE_FAMILY = "1,2";
			};
			name = Debug;
		};
		D5C98F4327151BEC004626A2 /* Release */ = {
			isa = XCBuildConfiguration;
			buildSettings = {
				ASSETCATALOG_COMPILER_APPICON_NAME = AppIcon;
				ASSETCATALOG_COMPILER_GLOBAL_ACCENT_COLOR_NAME = AccentColor;
				CODE_SIGN_STYLE = Automatic;
				DEVELOPMENT_TEAM = G6B5GY869D;
				INFOPLIST_FILE = MockInstagram/Info.plist;
				LD_RUNPATH_SEARCH_PATHS = (
					"$(inherited)",
					"@executable_path/Frameworks",
				);
				PRODUCT_BUNDLE_IDENTIFIER = com.product.MockInstagram;
				PRODUCT_NAME = "$(TARGET_NAME)";
				SWIFT_VERSION = 5.0;
				TARGETED_DEVICE_FAMILY = "1,2";
			};
			name = Release;
		};
		D5C98F4527151BEC004626A2 /* Debug */ = {
			isa = XCBuildConfiguration;
			buildSettings = {
				ALWAYS_EMBED_SWIFT_STANDARD_LIBRARIES = YES;
				BUNDLE_LOADER = "$(TEST_HOST)";
				CODE_SIGN_STYLE = Automatic;
				DEVELOPMENT_TEAM = G6B5GY869D;
				INFOPLIST_FILE = MockInstagramTests/Info.plist;
				IPHONEOS_DEPLOYMENT_TARGET = 14.2;
				LD_RUNPATH_SEARCH_PATHS = (
					"$(inherited)",
					"@executable_path/Frameworks",
					"@loader_path/Frameworks",
				);
				PRODUCT_BUNDLE_IDENTIFIER = com.product.MockInstagramTests;
				PRODUCT_NAME = "$(TARGET_NAME)";
				SWIFT_VERSION = 5.0;
				TARGETED_DEVICE_FAMILY = "1,2";
				TEST_HOST = "$(BUILT_PRODUCTS_DIR)/MockInstagram.app/MockInstagram";
			};
			name = Debug;
		};
		D5C98F4627151BEC004626A2 /* Release */ = {
			isa = XCBuildConfiguration;
			buildSettings = {
				ALWAYS_EMBED_SWIFT_STANDARD_LIBRARIES = YES;
				BUNDLE_LOADER = "$(TEST_HOST)";
				CODE_SIGN_STYLE = Automatic;
				DEVELOPMENT_TEAM = G6B5GY869D;
				INFOPLIST_FILE = MockInstagramTests/Info.plist;
				IPHONEOS_DEPLOYMENT_TARGET = 14.2;
				LD_RUNPATH_SEARCH_PATHS = (
					"$(inherited)",
					"@executable_path/Frameworks",
					"@loader_path/Frameworks",
				);
				PRODUCT_BUNDLE_IDENTIFIER = com.product.MockInstagramTests;
				PRODUCT_NAME = "$(TARGET_NAME)";
				SWIFT_VERSION = 5.0;
				TARGETED_DEVICE_FAMILY = "1,2";
				TEST_HOST = "$(BUILT_PRODUCTS_DIR)/MockInstagram.app/MockInstagram";
			};
			name = Release;
		};
		D5C98F4827151BEC004626A2 /* Debug */ = {
			isa = XCBuildConfiguration;
			buildSettings = {
				ALWAYS_EMBED_SWIFT_STANDARD_LIBRARIES = YES;
				CODE_SIGN_STYLE = Automatic;
				DEVELOPMENT_TEAM = G6B5GY869D;
				INFOPLIST_FILE = MockInstagramUITests/Info.plist;
				LD_RUNPATH_SEARCH_PATHS = (
					"$(inherited)",
					"@executable_path/Frameworks",
					"@loader_path/Frameworks",
				);
				PRODUCT_BUNDLE_IDENTIFIER = com.product.MockInstagramUITests;
				PRODUCT_NAME = "$(TARGET_NAME)";
				SWIFT_VERSION = 5.0;
				TARGETED_DEVICE_FAMILY = "1,2";
				TEST_TARGET_NAME = MockInstagram;
			};
			name = Debug;
		};
		D5C98F4927151BEC004626A2 /* Release */ = {
			isa = XCBuildConfiguration;
			buildSettings = {
				ALWAYS_EMBED_SWIFT_STANDARD_LIBRARIES = YES;
				CODE_SIGN_STYLE = Automatic;
				DEVELOPMENT_TEAM = G6B5GY869D;
				INFOPLIST_FILE = MockInstagramUITests/Info.plist;
				LD_RUNPATH_SEARCH_PATHS = (
					"$(inherited)",
					"@executable_path/Frameworks",
					"@loader_path/Frameworks",
				);
				PRODUCT_BUNDLE_IDENTIFIER = com.product.MockInstagramUITests;
				PRODUCT_NAME = "$(TARGET_NAME)";
				SWIFT_VERSION = 5.0;
				TARGETED_DEVICE_FAMILY = "1,2";
				TEST_TARGET_NAME = MockInstagram;
			};
			name = Release;
		};
/* End XCBuildConfiguration section */

/* Begin XCConfigurationList section */
		D5C98F1227151BE9004626A2 /* Build configuration list for PBXProject "MockInstagram" */ = {
			isa = XCConfigurationList;
			buildConfigurations = (
				D5C98F3F27151BEC004626A2 /* Debug */,
				D5C98F4027151BEC004626A2 /* Release */,
			);
			defaultConfigurationIsVisible = 0;
			defaultConfigurationName = Release;
		};
		D5C98F4127151BEC004626A2 /* Build configuration list for PBXNativeTarget "MockInstagram" */ = {
			isa = XCConfigurationList;
			buildConfigurations = (
				D5C98F4227151BEC004626A2 /* Debug */,
				D5C98F4327151BEC004626A2 /* Release */,
			);
			defaultConfigurationIsVisible = 0;
			defaultConfigurationName = Release;
		};
		D5C98F4427151BEC004626A2 /* Build configuration list for PBXNativeTarget "MockInstagramTests" */ = {
			isa = XCConfigurationList;
			buildConfigurations = (
				D5C98F4527151BEC004626A2 /* Debug */,
				D5C98F4627151BEC004626A2 /* Release */,
			);
			defaultConfigurationIsVisible = 0;
			defaultConfigurationName = Release;
		};
		D5C98F4727151BEC004626A2 /* Build configuration list for PBXNativeTarget "MockInstagramUITests" */ = {
			isa = XCConfigurationList;
			buildConfigurations = (
				D5C98F4827151BEC004626A2 /* Debug */,
				D5C98F4927151BEC004626A2 /* Release */,
			);
			defaultConfigurationIsVisible = 0;
			defaultConfigurationName = Release;
		};
/* End XCConfigurationList section */
	};
	rootObject = D5C98F0F27151BE9004626A2 /* Project object */;
}
